// !$*UTF8*$!
{
	archiveVersion = 1;
	classes = {
	};
	objectVersion = 48;
	objects = {

/* Begin PBXBuildFile section */
		0E1D28721F71AF5700A9459D /* AppDelegate.swift in Sources */ = {isa = PBXBuildFile; fileRef = 0E1D28711F71AF5700A9459D /* AppDelegate.swift */; };
		0E1D28741F71AF5700A9459D /* ViewController.swift in Sources */ = {isa = PBXBuildFile; fileRef = 0E1D28731F71AF5700A9459D /* ViewController.swift */; };
		0E1D28771F71AF5700A9459D /* Main.storyboard in Resources */ = {isa = PBXBuildFile; fileRef = 0E1D28751F71AF5700A9459D /* Main.storyboard */; };
		0E1D28791F71AF5700A9459D /* Assets.xcassets in Resources */ = {isa = PBXBuildFile; fileRef = 0E1D28781F71AF5700A9459D /* Assets.xcassets */; };
		0E1D287C1F71AF5700A9459D /* LaunchScreen.storyboard in Resources */ = {isa = PBXBuildFile; fileRef = 0E1D287A1F71AF5700A9459D /* LaunchScreen.storyboard */; };
/* End PBXBuildFile section */

/* Begin PBXFileReference section */
		0E1D286E1F71AF5700A9459D /* PullNotchToRefresh.app */ = {isa = PBXFileReference; explicitFileType = wrapper.application; includeInIndex = 0; path = PullNotchToRefresh.app; sourceTree = BUILT_PRODUCTS_DIR; };
		0E1D28711F71AF5700A9459D /* AppDelegate.swift */ = {isa = PBXFileReference; lastKnownFileType = sourcecode.swift; path = AppDelegate.swift; sourceTree = "<group>"; };
		0E1D28731F71AF5700A9459D /* ViewController.swift */ = {isa = PBXFileReference; lastKnownFileType = sourcecode.swift; path = ViewController.swift; sourceTree = "<group>"; };
		0E1D28761F71AF5700A9459D /* Base */ = {isa = PBXFileReference; lastKnownFileType = file.storyboard; name = Base; path = Base.lproj/Main.storyboard; sourceTree = "<group>"; };
		0E1D28781F71AF5700A9459D /* Assets.xcassets */ = {isa = PBXFileReference; lastKnownFileType = folder.assetcatalog; path = Assets.xcassets; sourceTree = "<group>"; };
		0E1D287B1F71AF5700A9459D /* Base */ = {isa = PBXFileReference; lastKnownFileType = file.storyboard; name = Base; path = Base.lproj/LaunchScreen.storyboard; sourceTree = "<group>"; };
		0E1D287D1F71AF5700A9459D /* Info.plist */ = {isa = PBXFileReference; lastKnownFileType = text.plist.xml; path = Info.plist; sourceTree = "<group>"; };
/* End PBXFileReference section */

/* Begin PBXFrameworksBuildPhase section */
		0E1D286B1F71AF5700A9459D /* Frameworks */ = {
			isa = PBXFrameworksBuildPhase;
			buildActionMask = 2147483647;
			files = (
			);
			runOnlyForDeploymentPostprocessing = 0;
		};
/* End PBXFrameworksBuildPhase section */

/* Begin PBXGroup section */
		0E1D28651F71AF5700A9459D = {
			isa = PBXGroup;
			children = (
				0E1D28701F71AF5700A9459D /* PullNotchToRefresh */,
				0E1D286F1F71AF5700A9459D /* Products */,
			);
			sourceTree = "<group>";
		};
		0E1D286F1F71AF5700A9459D /* Products */ = {
			isa = PBXGroup;
			children = (
				0E1D286E1F71AF5700A9459D /* PullNotchToRefresh.app */,
			);
			name = Products;
			sourceTree = "<group>";
		};
		0E1D28701F71AF5700A9459D /* PullNotchToRefresh */ = {
			isa = PBXGroup;
			children = (
				0E1D28711F71AF5700A9459D /* AppDelegate.swift */,
				0E1D28731F71AF5700A9459D /* ViewController.swift */,
				0E1D28751F71AF5700A9459D /* Main.storyboard */,
				0E1D28781F71AF5700A9459D /* Assets.xcassets */,
				0E1D287A1F71AF5700A9459D /* LaunchScreen.storyboard */,
				0E1D287D1F71AF5700A9459D /* Info.plist */,
			);
			path = PullNotchToRefresh;
			sourceTree = "<group>";
		};
/* End PBXGroup section */

/* Begin PBXNativeTarget section */
		0E1D286D1F71AF5700A9459D /* PullNotchToRefresh */ = {
			isa = PBXNativeTarget;
			buildConfigurationList = 0E1D28801F71AF5700A9459D /* Build configuration list for PBXNativeTarget "PullNotchToRefresh" */;
			buildPhases = (
				0E1D286A1F71AF5700A9459D /* Sources */,
				0E1D286B1F71AF5700A9459D /* Frameworks */,
				0E1D286C1F71AF5700A9459D /* Resources */,
			);
			buildRules = (
			);
			dependencies = (
			);
			name = PullNotchToRefresh;
			productName = PullNotchToRefresh;
			productReference = 0E1D286E1F71AF5700A9459D /* PullNotchToRefresh.app */;
			productType = "com.apple.product-type.application";
		};
/* End PBXNativeTarget section */

/* Begin PBXProject section */
		0E1D28661F71AF5700A9459D /* Project object */ = {
			isa = PBXProject;
			attributes = {
				LastSwiftUpdateCheck = 0900;
				LastUpgradeCheck = 0900;
				ORGANIZATIONNAME = "Kevin MACHADO";
				TargetAttributes = {
					0E1D286D1F71AF5700A9459D = {
						CreatedOnToolsVersion = 9.0;
						ProvisioningStyle = Automatic;
					};
				};
			};
			buildConfigurationList = 0E1D28691F71AF5700A9459D /* Build configuration list for PBXProject "PullNotchToRefresh" */;
			compatibilityVersion = "Xcode 8.0";
			developmentRegion = en;
			hasScannedForEncodings = 0;
			knownRegions = (
				en,
				Base,
			);
			mainGroup = 0E1D28651F71AF5700A9459D;
			productRefGroup = 0E1D286F1F71AF5700A9459D /* Products */;
			projectDirPath = "";
			projectRoot = "";
			targets = (
				0E1D286D1F71AF5700A9459D /* PullNotchToRefresh */,
			);
		};
/* End PBXProject section */

/* Begin PBXResourcesBuildPhase section */
		0E1D286C1F71AF5700A9459D /* Resources */ = {
			isa = PBXResourcesBuildPhase;
			buildActionMask = 2147483647;
			files = (
				0E1D287C1F71AF5700A9459D /* LaunchScreen.storyboard in Resources */,
				0E1D28791F71AF5700A9459D /* Assets.xcassets in Resources */,
				0E1D28771F71AF5700A9459D /* Main.storyboard in Resources */,
			);
			runOnlyForDeploymentPostprocessing = 0;
		};
/* End PBXResourcesBuildPhase section */

/* Begin PBXSourcesBuildPhase section */
		0E1D286A1F71AF5700A9459D /* Sources */ = {
			isa = PBXSourcesBuildPhase;
			buildActionMask = 2147483647;
			files = (
				0E1D28741F71AF5700A9459D /* ViewController.swift in Sources */,
				0E1D28721F71AF5700A9459D /* AppDelegate.swift in Sources */,
			);
			runOnlyForDeploymentPostprocessing = 0;
		};
/* End PBXSourcesBuildPhase section */

/* Begin PBXVariantGroup section */
		0E1D28751F71AF5700A9459D /* Main.storyboard */ = {
			isa = PBXVariantGroup;
			children = (
				0E1D28761F71AF5700A9459D /* Base */,
			);
			name = Main.storyboard;
			sourceTree = "<group>";
		};
		0E1D287A1F71AF5700A9459D /* LaunchScreen.storyboard */ = {
			isa = PBXVariantGroup;
			children = (
				0E1D287B1F71AF5700A9459D /* Base */,
			);
			name = LaunchScreen.storyboard;
			sourceTree = "<group>";
		};
/* End PBXVariantGroup section */

/* Begin XCBuildConfiguration section */
		0E1D287E1F71AF5700A9459D /* Debug */ = {
			isa = XCBuildConfiguration;
			buildSettings = {
				ALWAYS_SEARCH_USER_PATHS = NO;
				CLANG_ANALYZER_NONNULL = YES;
				CLANG_ANALYZER_NUMBER_OBJECT_CONVERSION = YES_AGGRESSIVE;
				CLANG_CXX_LANGUAGE_STANDARD = "gnu++14";
				CLANG_CXX_LIBRARY = "libc++";
				CLANG_ENABLE_MODULES = YES;
				CLANG_ENABLE_OBJC_ARC = YES;
				CLANG_WARN_BLOCK_CAPTURE_AUTORELEASING = YES;
				CLANG_WARN_BOOL_CONVERSION = YES;
				CLANG_WARN_COMMA = YES;
				CLANG_WARN_CONSTANT_CONVERSION = YES;
				CLANG_WARN_DIRECT_OBJC_ISA_USAGE = YES_ERROR;
				CLANG_WARN_DOCUMENTATION_COMMENTS = YES;
				CLANG_WARN_EMPTY_BODY = YES;
				CLANG_WARN_ENUM_CONVERSION = YES;
				CLANG_WARN_INFINITE_RECURSION = YES;
				CLANG_WARN_INT_CONVERSION = YES;
				CLANG_WARN_NON_LITERAL_NULL_CONVERSION = YES;
				CLANG_WARN_OBJC_LITERAL_CONVERSION = YES;
				CLANG_WARN_OBJC_ROOT_CLASS = YES_ERROR;
				CLANG_WARN_RANGE_LOOP_ANALYSIS = YES;
				CLANG_WARN_STRICT_PROTOTYPES = YES;
				CLANG_WARN_SUSPICIOUS_MOVE = YES;
				CLANG_WARN_UNGUARDED_AVAILABILITY = YES_AGGRESSIVE;
				CLANG_WARN_UNREACHABLE_CODE = YES;
				CLANG_WARN__DUPLICATE_METHOD_MATCH = YES;
				CODE_SIGN_IDENTITY = "iPhone Developer";
				COPY_PHASE_STRIP = NO;
				DEBUG_INFORMATION_FORMAT = dwarf;
				ENABLE_STRICT_OBJC_MSGSEND = YES;
				ENABLE_TESTABILITY = YES;
				GCC_C_LANGUAGE_STANDARD = gnu11;
				GCC_DYNAMIC_NO_PIC = NO;
				GCC_NO_COMMON_BLOCKS = YES;
				GCC_OPTIMIZATION_LEVEL = 0;
				GCC_PREPROCESSOR_DEFINITIONS = (
					"DEBUG=1",
					"$(inherited)",
				);
				GCC_WARN_64_TO_32_BIT_CONVERSION = YES;
				GCC_WARN_ABOUT_RETURN_TYPE = YES_ERROR;
				GCC_WARN_UNDECLARED_SELECTOR = YES;
				GCC_WARN_UNINITIALIZED_AUTOS = YES_AGGRESSIVE;
				GCC_WARN_UNUSED_FUNCTION = YES;
				GCC_WARN_UNUSED_VARIABLE = YES;
				IPHONEOS_DEPLOYMENT_TARGET = 11.0;
				MTL_ENABLE_DEBUG_INFO = YES;
				ONLY_ACTIVE_ARCH = YES;
				SDKROOT = iphoneos;
				SWIFT_ACTIVE_COMPILATION_CONDITIONS = DEBUG;
				SWIFT_OPTIMIZATION_LEVEL = "-Onone";
			};
			name = Debug;
		};
		0E1D287F1F71AF5700A9459D /* Release */ = {
			isa = XCBuildConfiguration;
			buildSettings = {
				ALWAYS_SEARCH_USER_PATHS = NO;
				CLANG_ANALYZER_NONNULL = YES;
				CLANG_ANALYZER_NUMBER_OBJECT_CONVERSION = YES_AGGRESSIVE;
				CLANG_CXX_LANGUAGE_STANDARD = "gnu++14";
				CLANG_CXX_LIBRARY = "libc++";
				CLANG_ENABLE_MODULES = YES;
				CLANG_ENABLE_OBJC_ARC = YES;
				CLANG_WARN_BLOCK_CAPTURE_AUTORELEASING = YES;
				CLANG_WARN_BOOL_CONVERSION = YES;
				CLANG_WARN_COMMA = YES;
				CLANG_WARN_CONSTANT_CONVERSION = YES;
				CLANG_WARN_DIRECT_OBJC_ISA_USAGE = YES_ERROR;
				CLANG_WARN_DOCUMENTATION_COMMENTS = YES;
				CLANG_WARN_EMPTY_BODY = YES;
				CLANG_WARN_ENUM_CONVERSION = YES;
				CLANG_WARN_INFINITE_RECURSION = YES;
				CLANG_WARN_INT_CONVERSION = YES;
				CLANG_WARN_NON_LITERAL_NULL_CONVERSION = YES;
				CLANG_WARN_OBJC_LITERAL_CONVERSION = YES;
				CLANG_WARN_OBJC_ROOT_CLASS = YES_ERROR;
				CLANG_WARN_RANGE_LOOP_ANALYSIS = YES;
				CLANG_WARN_STRICT_PROTOTYPES = YES;
				CLANG_WARN_SUSPICIOUS_MOVE = YES;
				CLANG_WARN_UNGUARDED_AVAILABILITY = YES_AGGRESSIVE;
				CLANG_WARN_UNREACHABLE_CODE = YES;
				CLANG_WARN__DUPLICATE_METHOD_MATCH = YES;
				CODE_SIGN_IDENTITY = "iPhone Developer";
				COPY_PHASE_STRIP = NO;
				DEBUG_INFORMATION_FORMAT = "dwarf-with-dsym";
				ENABLE_NS_ASSERTIONS = NO;
				ENABLE_STRICT_OBJC_MSGSEND = YES;
				GCC_C_LANGUAGE_STANDARD = gnu11;
				GCC_NO_COMMON_BLOCKS = YES;
				GCC_WARN_64_TO_32_BIT_CONVERSION = YES;
				GCC_WARN_ABOUT_RETURN_TYPE = YES_ERROR;
				GCC_WARN_UNDECLARED_SELECTOR = YES;
				GCC_WARN_UNINITIALIZED_AUTOS = YES_AGGRESSIVE;
				GCC_WARN_UNUSED_FUNCTION = YES;
				GCC_WARN_UNUSED_VARIABLE = YES;
				IPHONEOS_DEPLOYMENT_TARGET = 11.0;
				MTL_ENABLE_DEBUG_INFO = NO;
				SDKROOT = iphoneos;
				SWIFT_OPTIMIZATION_LEVEL = "-Owholemodule";
				VALIDATE_PRODUCT = YES;
			};
			name = Release;
		};
		0E1D28811F71AF5700A9459D /* Debug */ = {
			isa = XCBuildConfiguration;
			buildSettings = {
				ASSETCATALOG_COMPILER_APPICON_NAME = AppIcon;
				CODE_SIGN_STYLE = Automatic;
				DEVELOPMENT_TEAM = G96CH6ZC49;
				INFOPLIST_FILE = PullNotchToRefresh/Info.plist;
				LD_RUNPATH_SEARCH_PATHS = "$(inherited) @executable_path/Frameworks";
				PRODUCT_BUNDLE_IDENTIFIER = com.zertycolor.PullNotchToRefresh;
				PRODUCT_NAME = "$(TARGET_NAME)";
				SWIFT_VERSION = 4.0;
				TARGETED_DEVICE_FAMILY = "1,2";
			};
			name = Debug;
		};
		0E1D28821F71AF5700A9459D /* Release */ = {
			isa = XCBuildConfiguration;
			buildSettings = {
				ASSETCATALOG_COMPILER_APPICON_NAME = AppIcon;
				CODE_SIGN_STYLE = Automatic;
				DEVELOPMENT_TEAM = G96CH6ZC49;
				INFOPLIST_FILE = PullNotchToRefresh/Info.plist;
				LD_RUNPATH_SEARCH_PATHS = "$(inherited) @executable_path/Frameworks";
				PRODUCT_BUNDLE_IDENTIFIER = com.zertycolor.PullNotchToRefresh;
				PRODUCT_NAME = "$(TARGET_NAME)";
				SWIFT_VERSION = 4.0;
				TARGETED_DEVICE_FAMILY = "1,2";
			};
			name = Release;
		};
/* End XCBuildConfiguration section */

/* Begin XCConfigurationList section */
		0E1D28691F71AF5700A9459D /* Build configuration list for PBXProject "PullNotchToRefresh" */ = {
			isa = XCConfigurationList;
			buildConfigurations = (
				0E1D287E1F71AF5700A9459D /* Debug */,
				0E1D287F1F71AF5700A9459D /* Release */,
			);
			defaultConfigurationIsVisible = 0;
			defaultConfigurationName = Release;
		};
		0E1D28801F71AF5700A9459D /* Build configuration list for PBXNativeTarget "PullNotchToRefresh" */ = {
			isa = XCConfigurationList;
			buildConfigurations = (
				0E1D28811F71AF5700A9459D /* Debug */,
				0E1D28821F71AF5700A9459D /* Release */,
			);
			defaultConfigurationIsVisible = 0;
			defaultConfigurationName = Release;
		};
/* End XCConfigurationList section */
	};
	rootObject = 0E1D28661F71AF5700A9459D /* Project object */;
}
